
Microsoft Visual Studio Solution File, Format Version 12.00
# Visual Studio Version 16
VisualStudioVersion = 16.0.31515.178
MinimumVisualStudioVersion = 10.0.40219.1
Project("{FAE04EC0-301F-11D3-BF4B-00C04F79EFBC}") = "SyntaxSugar", "SyntaxSugar\SyntaxSugar.csproj", "{3F102BC2-FE36-453C-AEBC-9FEAF199346A}"
EndProject
Global
	GlobalSection(SolutionConfigurationPlatforms) = preSolution
		Debug|Any CPU = Debug|Any CPU
		Release|Any CPU = Release|Any CPU
	EndGlobalSection
	GlobalSection(ProjectConfigurationPlatforms) = postSolution
		{3F102BC2-FE36-453C-AEBC-9FEAF199346A}.Debug|Any CPU.ActiveCfg = Debug|Any CPU
		{3F102BC2-FE36-453C-AEBC-9FEAF199346A}.Debug|Any CPU.Build.0 = Debug|Any CPU
		{3F102BC2-FE36-453C-AEBC-9FEAF199346A}.Release|Any CPU.ActiveCfg = Release|Any CPU
		{3F102BC2-FE36-453C-AEBC-9FEAF199346A}.Release|Any CPU.Build.0 = Release|Any CPU
	EndGlobalSection
	GlobalSection(SolutionProperties) = preSolution
		HideSolutionNode = FALSE
	EndGlobalSection
	GlobalSection(ExtensibilityGlobals) = postSolution
		SolutionGuid = {1AB5719E-FF10-4945-9269-89DAD51A8923}
	EndGlobalSection
EndGlobal
